
Microsoft Visual Studio Solution File, Format Version 12.00
# Visual Studio Version 18
VisualStudioVersion = 18.6.11822.322 stable
MinimumVisualStudioVersion = 10.0.40219.1
Project("{FAE04EC0-301F-11D3-BF4B-00C04F79EFBC}") = "UdpTeamChatApp", "UdpTeamChatApp\UdpTeamChatApp.csproj", "{FADE9883-EB56-B92B-2CBC-C9B597E4BCCD}"
EndProject
Global
	GlobalSection(SolutionConfigurationPlatforms) = preSolution
		Debug|Any CPU = Debug|Any CPU
		Release|Any CPU = Release|Any CPU
	EndGlobalSection
	GlobalSection(ProjectConfigurationPlatforms) = postSolution
		{FADE9883-EB56-B92B-2CBC-C9B597E4BCCD}.Debug|Any CPU.ActiveCfg = Debug|Any CPU
		{FADE9883-EB56-B92B-2CBC-C9B597E4BCCD}.Debug|Any CPU.Build.0 = Debug|Any CPU
		{FADE9883-EB56-B92B-2CBC-C9B597E4BCCD}.Release|Any CPU.ActiveCfg = Release|Any CPU
		{FADE9883-EB56-B92B-2CBC-C9B597E4BCCD}.Release|Any CPU.Build.0 = Release|Any CPU
	EndGlobalSection
	GlobalSection(SolutionProperties) = preSolution
		HideSolutionNode = FALSE
	EndGlobalSection
	GlobalSection(ExtensibilityGlobals) = postSolution
		SolutionGuid = {4DA59D3B-2065-4BFC-94E1-54E99BFF65CE}
	EndGlobalSection
EndGlobal
