
Microsoft Visual Studio Solution File, Format Version 12.00
# Visual Studio Version 17
VisualStudioVersion = 17.8.34322.80
MinimumVisualStudioVersion = 10.0.40219.1
Project("{FAE04EC0-301F-11D3-BF4B-00C04F79EFBC}") = "UdpTeamChatApp", "UdpTeamChatApp\UdpTeamChatApp.csproj", "{DF6D3BB7-E7A2-420D-BEC3-59167D105A4E}"
EndProject
Project("{FAE04EC0-301F-11D3-BF4B-00C04F79EFBC}") = "UdpTeamChatAppServer", "UdpTeamChatAppClient\UdpTeamChatAppServer.csproj", "{A801E068-AFAC-4FB1-9B91-7583EA129EB9}"
EndProject
Global
	GlobalSection(SolutionConfigurationPlatforms) = preSolution
		Debug|Any CPU = Debug|Any CPU
		Release|Any CPU = Release|Any CPU
	EndGlobalSection
	GlobalSection(ProjectConfigurationPlatforms) = postSolution
		{DF6D3BB7-E7A2-420D-BEC3-59167D105A4E}.Debug|Any CPU.ActiveCfg = Debug|Any CPU
		{DF6D3BB7-E7A2-420D-BEC3-59167D105A4E}.Debug|Any CPU.Build.0 = Debug|Any CPU
		{DF6D3BB7-E7A2-420D-BEC3-59167D105A4E}.Release|Any CPU.ActiveCfg = Release|Any CPU
		{DF6D3BB7-E7A2-420D-BEC3-59167D105A4E}.Release|Any CPU.Build.0 = Release|Any CPU
	EndGlobalSection
	GlobalSection(SolutionProperties) = preSolution
		HideSolutionNode = FALSE
	EndGlobalSection
	GlobalSection(ExtensibilityGlobals) = postSolution
		SolutionGuid = {4DA59D3B-2065-4BFC-94E1-54E99BFF65CE}
	EndGlobalSection
EndGlobal
